{
  "name": "interview-task",
  "version": "0.0.1",
  "lockfileVersion": 3,
  "requires": true,
  "packages": {
    "": {
      "name": "interview-task",
      "version": "0.0.1",
      "workspaces": [
        "api",
        "web",
        "packages/*"
      ]
    },
    "api": {
      "version": "0.0.1",
      "license": "ISC"
    },
    "node_modules/api": {
      "resolved": "api",
      "link": true
    },
    "node_modules/shared": {
      "resolved": "packages/shared",
      "link": true
    },
    "node_modules/web": {
      "resolved": "web",
      "link": true
    },
    "packages/shared": {
      "version": "0.0.1",
      "license": "ISC"
    },
    "web": {
      "version": "0.0.1",
      "license": "ISC"
    }
  }
}
